
Microsoft Visual Studio Solution File, Format Version 12.00
# Visual Studio Version 17
VisualStudioVersion = 17.0.31903.59
MinimumVisualStudioVersion = 10.0.40219.1
Project("{2150E333-8FDC-42A3-9474-1A3956D46DE8}") = "src", "src", "{827E0CD3-B72D-47B6-A68D-7590B98EB39B}"
EndProject
Project("{FAE04EC0-301F-11D3-BF4B-00C04F79EFBC}") = "NarSmart.Domain", "src\NarSmart.Domain\NarSmart.Domain.csproj", "{865C2C34-18FF-4096-8A87-C06245980B6E}"
EndProject
Project("{FAE04EC0-301F-11D3-BF4B-00C04F79EFBC}") = "NarSmart.Application", "src\NarSmart.Application\NarSmart.Application.csproj", "{F12931C7-12A8-4B37-B40A-4430426C75F9}"
EndProject
Project("{FAE04EC0-301F-11D3-BF4B-00C04F79EFBC}") = "NarSmart.Infrastructure", "src\NarSmart.Infrastructure\NarSmart.Infrastructure.csproj", "{8FA70400-5C5E-4646-9F87-8B4C98FF4E7D}"
EndProject
Project("{FAE04EC0-301F-11D3-BF4B-00C04F79EFBC}") = "NarSmart.API", "src\NarSmart.API\NarSmart.API.csproj", "{1D6B316B-447F-469D-97CB-3F2E87FE4FDC}"
EndProject
Project("{2150E333-8FDC-42A3-9474-1A3956D46DE8}") = "tests", "tests", "{0AB3BF05-4346-4AA6-1389-037BE0695223}"
EndProject
Project("{FAE04EC0-301F-11D3-BF4B-00C04F79EFBC}") = "NarSmart.Domain.Tests", "tests\NarSmart.Domain.Tests\NarSmart.Domain.Tests.csproj", "{9B0E5B9B-003A-40B4-B8CC-DBD021B860C7}"
EndProject
Project("{FAE04EC0-301F-11D3-BF4B-00C04F79EFBC}") = "NarSmart.Application.Tests", "tests\NarSmart.Application.Tests\NarSmart.Application.Tests.csproj", "{486D7419-8CD3-452A-AC61-D2A8DB0F0B51}"
EndProject
Global
	GlobalSection(SolutionConfigurationPlatforms) = preSolution
		Debug|Any CPU = Debug|Any CPU
		Debug|x64 = Debug|x64
		Debug|x86 = Debug|x86
		Release|Any CPU = Release|Any CPU
		Release|x64 = Release|x64
		Release|x86 = Release|x86
	EndGlobalSection
	GlobalSection(ProjectConfigurationPlatforms) = postSolution
		{865C2C34-18FF-4096-8A87-C06245980B6E}.Debug|Any CPU.ActiveCfg = Debug|Any CPU
		{865C2C34-18FF-4096-8A87-C06245980B6E}.Debug|Any CPU.Build.0 = Debug|Any CPU
		{865C2C34-18FF-4096-8A87-C06245980B6E}.Debug|x64.ActiveCfg = Debug|Any CPU
		{865C2C34-18FF-4096-8A87-C06245980B6E}.Debug|x64.Build.0 = Debug|Any CPU
		{865C2C34-18FF-4096-8A87-C06245980B6E}.Debug|x86.ActiveCfg = Debug|Any CPU
		{865C2C34-18FF-4096-8A87-C06245980B6E}.Debug|x86.Build.0 = Debug|Any CPU
		{865C2C34-18FF-4096-8A87-C06245980B6E}.Release|Any CPU.ActiveCfg = Release|Any CPU
		{865C2C34-18FF-4096-8A87-C06245980B6E}.Release|Any CPU.Build.0 = Release|Any CPU
		{865C2C34-18FF-4096-8A87-C06245980B6E}.Release|x64.ActiveCfg = Release|Any CPU
		{865C2C34-18FF-4096-8A87-C06245980B6E}.Release|x64.Build.0 = Release|Any CPU
		{865C2C34-18FF-4096-8A87-C06245980B6E}.Release|x86.ActiveCfg = Release|Any CPU
		{865C2C34-18FF-4096-8A87-C06245980B6E}.Release|x86.Build.0 = Release|Any CPU
		{F12931C7-12A8-4B37-B40A-4430426C75F9}.Debug|Any CPU.ActiveCfg = Debug|Any CPU
		{F12931C7-12A8-4B37-B40A-4430426C75F9}.Debug|Any CPU.Build.0 = Debug|Any CPU
		{F12931C7-12A8-4B37-B40A-4430426C75F9}.Debug|x64.ActiveCfg = Debug|Any CPU
		{F12931C7-12A8-4B37-B40A-4430426C75F9}.Debug|x64.Build.0 = Debug|Any CPU
		{F12931C7-12A8-4B37-B40A-4430426C75F9}.Debug|x86.ActiveCfg = Debug|Any CPU
		{F12931C7-12A8-4B37-B40A-4430426C75F9}.Debug|x86.Build.0 = Debug|Any CPU
		{F12931C7-12A8-4B37-B40A-4430426C75F9}.Release|Any CPU.ActiveCfg = Release|Any CPU
		{F12931C7-12A8-4B37-B40A-4430426C75F9}.Release|Any CPU.Build.0 = Release|Any CPU
		{F12931C7-12A8-4B37-B40A-4430426C75F9}.Release|x64.ActiveCfg = Release|Any CPU
		{F12931C7-12A8-4B37-B40A-4430426C75F9}.Release|x64.Build.0 = Release|Any CPU
		{F12931C7-12A8-4B37-B40A-4430426C75F9}.Release|x86.ActiveCfg = Release|Any CPU
		{F12931C7-12A8-4B37-B40A-4430426C75F9}.Release|x86.Build.0 = Release|Any CPU
		{8FA70400-5C5E-4646-9F87-8B4C98FF4E7D}.Debug|Any CPU.ActiveCfg = Debug|Any CPU
		{8FA70400-5C5E-4646-9F87-8B4C98FF4E7D}.Debug|Any CPU.Build.0 = Debug|Any CPU
		{8FA70400-5C5E-4646-9F87-8B4C98FF4E7D}.Debug|x64.ActiveCfg = Debug|Any CPU
		{8FA70400-5C5E-4646-9F87-8B4C98FF4E7D}.Debug|x64.Build.0 = Debug|Any CPU
		{8FA70400-5C5E-4646-9F87-8B4C98FF4E7D}.Debug|x86.ActiveCfg = Debug|Any CPU
		{8FA70400-5C5E-4646-9F87-8B4C98FF4E7D}.Debug|x86.Build.0 = Debug|Any CPU
		{8FA70400-5C5E-4646-9F87-8B4C98FF4E7D}.Release|Any CPU.ActiveCfg = Release|Any CPU
		{8FA70400-5C5E-4646-9F87-8B4C98FF4E7D}.Release|Any CPU.Build.0 = Release|Any CPU
		{8FA70400-5C5E-4646-9F87-8B4C98FF4E7D}.Release|x64.ActiveCfg = Release|Any CPU
		{8FA70400-5C5E-4646-9F87-8B4C98FF4E7D}.Release|x64.Build.0 = Release|Any CPU
		{8FA70400-5C5E-4646-9F87-8B4C98FF4E7D}.Release|x86.ActiveCfg = Release|Any CPU
		{8FA70400-5C5E-4646-9F87-8B4C98FF4E7D}.Release|x86.Build.0 = Release|Any CPU
		{1D6B316B-447F-469D-97CB-3F2E87FE4FDC}.Debug|Any CPU.ActiveCfg = Debug|Any CPU
		{1D6B316B-447F-469D-97CB-3F2E87FE4FDC}.Debug|Any CPU.Build.0 = Debug|Any CPU
		{1D6B316B-447F-469D-97CB-3F2E87FE4FDC}.Debug|x64.ActiveCfg = Debug|Any CPU
		{1D6B316B-447F-469D-97CB-3F2E87FE4FDC}.Debug|x64.Build.0 = Debug|Any CPU
		{1D6B316B-447F-469D-97CB-3F2E87FE4FDC}.Debug|x86.ActiveCfg = Debug|Any CPU
		{1D6B316B-447F-469D-97CB-3F2E87FE4FDC}.Debug|x86.Build.0 = Debug|Any CPU
		{1D6B316B-447F-469D-97CB-3F2E87FE4FDC}.Release|Any CPU.ActiveCfg = Release|Any CPU
		{1D6B316B-447F-469D-97CB-3F2E87FE4FDC}.Release|Any CPU.Build.0 = Release|Any CPU
		{1D6B316B-447F-469D-97CB-3F2E87FE4FDC}.Release|x64.ActiveCfg = Release|Any CPU
		{1D6B316B-447F-469D-97CB-3F2E87FE4FDC}.Release|x64.Build.0 = Release|Any CPU
		{1D6B316B-447F-469D-97CB-3F2E87FE4FDC}.Release|x86.ActiveCfg = Release|Any CPU
		{1D6B316B-447F-469D-97CB-3F2E87FE4FDC}.Release|x86.Build.0 = Release|Any CPU
		{9B0E5B9B-003A-40B4-B8CC-DBD021B860C7}.Debug|Any CPU.ActiveCfg = Debug|Any CPU
		{9B0E5B9B-003A-40B4-B8CC-DBD021B860C7}.Debug|Any CPU.Build.0 = Debug|Any CPU
		{9B0E5B9B-003A-40B4-B8CC-DBD021B860C7}.Debug|x64.ActiveCfg = Debug|Any CPU
		{9B0E5B9B-003A-40B4-B8CC-DBD021B860C7}.Debug|x64.Build.0 = Debug|Any CPU
		{9B0E5B9B-003A-40B4-B8CC-DBD021B860C7}.Debug|x86.ActiveCfg = Debug|Any CPU
		{9B0E5B9B-003A-40B4-B8CC-DBD021B860C7}.Debug|x86.Build.0 = Debug|Any CPU
		{9B0E5B9B-003A-40B4-B8CC-DBD021B860C7}.Release|Any CPU.ActiveCfg = Release|Any CPU
		{9B0E5B9B-003A-40B4-B8CC-DBD021B860C7}.Release|Any CPU.Build.0 = Release|Any CPU
		{9B0E5B9B-003A-40B4-B8CC-DBD021B860C7}.Release|x64.ActiveCfg = Release|Any CPU
		{9B0E5B9B-003A-40B4-B8CC-DBD021B860C7}.Release|x64.Build.0 = Release|Any CPU
		{9B0E5B9B-003A-40B4-B8CC-DBD021B860C7}.Release|x86.ActiveCfg = Release|Any CPU
		{9B0E5B9B-003A-40B4-B8CC-DBD021B860C7}.Release|x86.Build.0 = Release|Any CPU
		{486D7419-8CD3-452A-AC61-D2A8DB0F0B51}.Debug|Any CPU.ActiveCfg = Debug|Any CPU
		{486D7419-8CD3-452A-AC61-D2A8DB0F0B51}.Debug|Any CPU.Build.0 = Debug|Any CPU
		{486D7419-8CD3-452A-AC61-D2A8DB0F0B51}.Debug|x64.ActiveCfg = Debug|Any CPU
		{486D7419-8CD3-452A-AC61-D2A8DB0F0B51}.Debug|x64.Build.0 = Debug|Any CPU
		{486D7419-8CD3-452A-AC61-D2A8DB0F0B51}.Debug|x86.ActiveCfg = Debug|Any CPU
		{486D7419-8CD3-452A-AC61-D2A8DB0F0B51}.Debug|x86.Build.0 = Debug|Any CPU
		{486D7419-8CD3-452A-AC61-D2A8DB0F0B51}.Release|Any CPU.ActiveCfg = Release|Any CPU
		{486D7419-8CD3-452A-AC61-D2A8DB0F0B51}.Release|Any CPU.Build.0 = Release|Any CPU
		{486D7419-8CD3-452A-AC61-D2A8DB0F0B51}.Release|x64.ActiveCfg = Release|Any CPU
		{486D7419-8CD3-452A-AC61-D2A8DB0F0B51}.Release|x64.Build.0 = Release|Any CPU
		{486D7419-8CD3-452A-AC61-D2A8DB0F0B51}.Release|x86.ActiveCfg = Release|Any CPU
		{486D7419-8CD3-452A-AC61-D2A8DB0F0B51}.Release|x86.Build.0 = Release|Any CPU
	EndGlobalSection
	GlobalSection(SolutionProperties) = preSolution
		HideSolutionNode = FALSE
	EndGlobalSection
	GlobalSection(NestedProjects) = preSolution
		{865C2C34-18FF-4096-8A87-C06245980B6E} = {827E0CD3-B72D-47B6-A68D-7590B98EB39B}
		{F12931C7-12A8-4B37-B40A-4430426C75F9} = {827E0CD3-B72D-47B6-A68D-7590B98EB39B}
		{8FA70400-5C5E-4646-9F87-8B4C98FF4E7D} = {827E0CD3-B72D-47B6-A68D-7590B98EB39B}
		{1D6B316B-447F-469D-97CB-3F2E87FE4FDC} = {827E0CD3-B72D-47B6-A68D-7590B98EB39B}
		{9B0E5B9B-003A-40B4-B8CC-DBD021B860C7} = {0AB3BF05-4346-4AA6-1389-037BE0695223}
		{486D7419-8CD3-452A-AC61-D2A8DB0F0B51} = {0AB3BF05-4346-4AA6-1389-037BE0695223}
	EndGlobalSection
EndGlobal
